
Microsoft Visual Studio Solution File, Format Version 12.00
# Visual Studio Version 16
VisualStudioVersion = 16.0.33130.400
MinimumVisualStudioVersion = 10.0.40219.1
Project("{9A19103F-16F7-4668-BE54-9A1E7A4F7556}") = "Capgemini.EMS.PL", "Capgemini.EMS.PL\Capgemini.EMS.PL.csproj", "{A00DE3A0-E4AF-4824-BC80-079B3A4860B4}"
EndProject
Project("{9A19103F-16F7-4668-BE54-9A1E7A4F7556}") = "Capgemini.EMS.Businesslayer", "Capgemini.EMS.Businesslayer\Capgemini.EMS.Businesslayer.csproj", "{92BB65E6-CA97-454D-8C74-5C088991CD6A}"
EndProject
Project("{9A19103F-16F7-4668-BE54-9A1E7A4F7556}") = "Capgemini.EMS.Exceptions", "Capgemini.EMS.Exceptions\Capgemini.EMS.Exceptions.csproj", "{4AEEFB6A-4667-4E4F-BAD1-5844C82C8BAA}"
EndProject
Project("{9A19103F-16F7-4668-BE54-9A1E7A4F7556}") = "Capgemini.EMS.DataAcessLayer", "Capgemini.EMS.DataAcessLayer\Capgemini.EMS.DataAcessLayer.csproj", "{6FBFCCC2-9E68-46F2-BA00-516C6AE77A42}"
EndProject
Project("{FAE04EC0-301F-11D3-BF4B-00C04F79EFBC}") = "Capgemini.EMS.Entities", "Capgemini.EMS.Entities\Capgemini.EMS.Entities.csproj", "{4FA8FEF1-3EE1-4E2A-AE44-BE37D6C68563}"
EndProject
Global
	GlobalSection(SolutionConfigurationPlatforms) = preSolution
		Debug|Any CPU = Debug|Any CPU
		Release|Any CPU = Release|Any CPU
	EndGlobalSection
	GlobalSection(ProjectConfigurationPlatforms) = postSolution
		{A00DE3A0-E4AF-4824-BC80-079B3A4860B4}.Debug|Any CPU.ActiveCfg = Debug|Any CPU
		{A00DE3A0-E4AF-4824-BC80-079B3A4860B4}.Debug|Any CPU.Build.0 = Debug|Any CPU
		{A00DE3A0-E4AF-4824-BC80-079B3A4860B4}.Release|Any CPU.ActiveCfg = Release|Any CPU
		{A00DE3A0-E4AF-4824-BC80-079B3A4860B4}.Release|Any CPU.Build.0 = Release|Any CPU
		{92BB65E6-CA97-454D-8C74-5C088991CD6A}.Debug|Any CPU.ActiveCfg = Debug|Any CPU
		{92BB65E6-CA97-454D-8C74-5C088991CD6A}.Debug|Any CPU.Build.0 = Debug|Any CPU
		{92BB65E6-CA97-454D-8C74-5C088991CD6A}.Release|Any CPU.ActiveCfg = Release|Any CPU
		{92BB65E6-CA97-454D-8C74-5C088991CD6A}.Release|Any CPU.Build.0 = Release|Any CPU
		{4AEEFB6A-4667-4E4F-BAD1-5844C82C8BAA}.Debug|Any CPU.ActiveCfg = Debug|Any CPU
		{4AEEFB6A-4667-4E4F-BAD1-5844C82C8BAA}.Debug|Any CPU.Build.0 = Debug|Any CPU
		{4AEEFB6A-4667-4E4F-BAD1-5844C82C8BAA}.Release|Any CPU.ActiveCfg = Release|Any CPU
		{4AEEFB6A-4667-4E4F-BAD1-5844C82C8BAA}.Release|Any CPU.Build.0 = Release|Any CPU
		{6FBFCCC2-9E68-46F2-BA00-516C6AE77A42}.Debug|Any CPU.ActiveCfg = Debug|Any CPU
		{6FBFCCC2-9E68-46F2-BA00-516C6AE77A42}.Debug|Any CPU.Build.0 = Debug|Any CPU
		{6FBFCCC2-9E68-46F2-BA00-516C6AE77A42}.Release|Any CPU.ActiveCfg = Release|Any CPU
		{6FBFCCC2-9E68-46F2-BA00-516C6AE77A42}.Release|Any CPU.Build.0 = Release|Any CPU
		{4FA8FEF1-3EE1-4E2A-AE44-BE37D6C68563}.Debug|Any CPU.ActiveCfg = Debug|Any CPU
		{4FA8FEF1-3EE1-4E2A-AE44-BE37D6C68563}.Debug|Any CPU.Build.0 = Debug|Any CPU
		{4FA8FEF1-3EE1-4E2A-AE44-BE37D6C68563}.Release|Any CPU.ActiveCfg = Release|Any CPU
		{4FA8FEF1-3EE1-4E2A-AE44-BE37D6C68563}.Release|Any CPU.Build.0 = Release|Any CPU
	EndGlobalSection
	GlobalSection(SolutionProperties) = preSolution
		HideSolutionNode = FALSE
	EndGlobalSection
	GlobalSection(ExtensibilityGlobals) = postSolution
		SolutionGuid = {63FA53E6-7AE9-445E-B055-EFA7734E79F4}
	EndGlobalSection
EndGlobal
